# This file is autogenerated, do not edit; changes may be undone by the next 'dep ensure'.


[[projects]]
  name = "github.com/Shopify/sarama"
  packages = ["."]
  revision = "3b1b38866a79f06deddf0487d5c27ba0697ccd65"
  version = "v1.15.0"

[[projects]]
  branch = "master"
  name = "github.com/alecthomas/template"
  packages = [".","parse"]
  revision = "a0175ee3bccc567396460bf5acd36800cb10c49c"

[[projects]]
  branch = "master"
  name = "github.com/alecthomas/units"
  packages = ["."]
  revision = "2efee857e7cfd4f3d0138cc3cbb1b4966962b93a"

[[projects]]
  branch = "master"
  name = "github.com/beorn7/perks"
  packages = ["quantile"]
  revision = "4c0e84591b9aa9e6dcfdf3e020114cd81f89d5f9"

[[projects]]
  name = "github.com/davecgh/go-spew"
  packages = ["spew"]
  revision = "346938d642f2ec3594ed81d874461961cd0faa76"
  version = "v1.1.0"

[[projects]]
  name = "github.com/eapache/go-resiliency"
  packages = ["breaker"]
  revision = "6800482f2c813e689c88b7ed3282262385011890"
  version = "v1.0.0"

[[projects]]
  branch = "master"
  name = "github.com/eapache/go-xerial-snappy"
  packages = ["."]
  revision = "bb955e01b9346ac19dc29eb16586c90ded99a98c"

[[projects]]
  name = "github.com/eapache/queue"
  packages = ["."]
  revision = "ded5959c0d4e360646dc9e9908cff48666781367"
  version = "v1.0.2"

[[projects]]
  branch = "master"
  name = "github.com/golang/protobuf"
  packages = ["proto"]
  revision = "130e6b02ab059e7b717a096f397c5b60111cae74"

[[projects]]
  branch = "master"
  name = "github.com/golang/snappy"
  packages = ["."]
  revision = "553a641470496b2327abcac10b36396bd98e45c9"

[[projects]]
  name = "github.com/matttproud/golang_protobuf_extensions"
  packages = ["pbutil"]
  revision = "3247c84500bff8d9fb6d579d800f20b3e091582c"
  version = "v1.0.0"

[[projects]]
  name = "github.com/pierrec/lz4"
  packages = ["."]
  revision = "5c9560bfa9ace2bf86080bf40d46b34ae44604df"
  version = "v1.0"

[[projects]]
  name = "github.com/pierrec/xxHash"
  packages = ["xxHash32"]
  revision = "f051bb7f1d1aaf1b5a665d74fb6b0217712c69f7"
  version = "v0.1.1"

[[projects]]
  name = "github.com/prometheus/client_golang"
  packages = ["prometheus","prometheus/promhttp"]
  revision = "c5b7fccd204277076155f10851dad72b76a49317"
  version = "v0.8.0"

[[projects]]
  branch = "master"
  name = "github.com/prometheus/client_model"
  packages = ["go"]
  revision = "6f3806018612930941127f2a7c6c453ba2c527d2"

[[projects]]
  branch = "master"
  name = "github.com/prometheus/common"
  packages = ["expfmt","internal/bitbucket.org/ww/goautoneg","log","model","version"]
  revision = "2f17f4a9d485bf34b4bfaccc273805040e4f86c8"

[[projects]]
  branch = "master"
  name = "github.com/prometheus/procfs"
  packages = [".","xfs"]
  revision = "e645f4e5aaa8506fc71d6edbc5c4ff02c04c46f2"

[[projects]]
  branch = "master"
  name = "github.com/rcrowley/go-metrics"
  packages = ["."]
  revision = "1f30fe9094a513ce4c700b9a54458bbb0c96996c"

[[projects]]
  name = "github.com/sirupsen/logrus"
  packages = ["."]
  revision = "f006c2ac4710855cf0f916dd6b77acf6b048dc6e"
  version = "v1.0.3"

[[projects]]
  branch = "master"
  name = "golang.org/x/crypto"
  packages = ["ssh/terminal"]
  revision = "847319b7fc94cab682988f93da778204da164588"

[[projects]]
  branch = "master"
  name = "golang.org/x/sys"
  packages = ["unix","windows","windows/registry","windows/svc/eventlog"]
  revision = "429f518978ab01db8bb6f44b66785088e7fba58b"

[[projects]]
  name = "gopkg.in/alecthomas/kingpin.v2"
  packages = ["."]
  revision = "1087e65c9441605df944fb12c33f0fe7072d18ca"
  version = "v2.2.5"

[solve-meta]
  analyzer-name = "dep"
  analyzer-version = 1
  inputs-digest = "05ab05d855acd62a4605542992f2420cb270364c1658e57f38fe8907d2ac1412"
  solver-name = "gps-cdcl"
  solver-version = 1
